# This file is automatically @generated by Cargo.
# It is not intended for manual editing.
version = 4

[[package]]
name = "anyhow"
version = "1.0.103"
source = "registry+https://github.com/rust-lang/crates.io-index"
checksum = "2a4385e2e34eb35d6b3efe798b9eb88096925d87726c0798709bf56d9ed84af3"

[[package]]
name = "heck"
version = "0.5.0"
source = "registry+https://github.com/rust-lang/crates.io-index"
checksum = "2304e00983f87ffb38b55b444b5e3b60a884b5d30c0fca7d82fe33449bbe55ea"

[[package]]
name = "libc"
version = "0.2.186"
source = "registry+https://github.com/rust-lang/crates.io-index"
checksum = "68ab91017fe16c622486840e4c83c9a37afeff978bd239b5293d61ece587de66"

[[package]]
name = "nvim-oxi"
version = "0.6.0"
source = "registry+https://github.com/rust-lang/crates.io-index"
checksum = "54489e0e1515ff8fdbd07eb198ac1f8b082b849e2ed3b7607d6705e24b74af5c"
dependencies = [
 "nvim-oxi-api",
 "nvim-oxi-luajit",
 "nvim-oxi-macros",
 "nvim-oxi-types",
 "thiserror",
]

[[package]]
name = "nvim-oxi-api"
version = "0.6.0"
source = "registry+https://github.com/rust-lang/crates.io-index"
checksum = "89a662cfeae9de93b4a6a1779e9e37e15c354f8f9acc933e2d79105d601c8fd4"
dependencies = [
 "nvim-oxi-luajit",
 "nvim-oxi-macros",
 "nvim-oxi-types",
 "serde",
 "serde_repr",
 "thiserror",
]

[[package]]
name = "nvim-oxi-luajit"
version = "0.6.0"
source = "registry+https://github.com/rust-lang/crates.io-index"
checksum = "bba46ec2ab57e840cd33067e0d1d7c89c2c7feafd02bbbb11a90a4220491a1c9"
dependencies = [
 "thiserror",
]

[[package]]
name = "nvim-oxi-macros"
version = "0.6.0"
source = "registry+https://github.com/rust-lang/crates.io-index"
checksum = "b0c03daabc1d9efd2d5aff2746199b4ed60f2cc24c321d6fcb2aa023169b0f13"
dependencies = [
 "proc-macro2",
 "quote",
 "syn",
]

[[package]]
name = "nvim-oxi-types"
version = "0.6.0"
source = "registry+https://github.com/rust-lang/crates.io-index"
checksum = "2f079f687853419cf83879ab060d23171e31689d090a0c8d5c6aa0e3210c83ec"
dependencies = [
 "libc",
 "nvim-oxi-luajit",
 "serde",
 "thiserror",
]

[[package]]
name = "patchwise"
version = "0.1.0"
dependencies = [
 "nvim-oxi",
 "strum",
 "thiserror",
]

[[package]]
name = "proc-macro2"
version = "1.0.106"
source = "registry+https://github.com/rust-lang/crates.io-index"
checksum = "8fd00f0bb2e90d81d1044c2b32617f68fcb9fa3bb7640c23e9c748e53fb30934"
dependencies = [
 "unicode-ident",
]

[[package]]
name = "quote"
version = "1.0.46"
source = "registry+https://github.com/rust-lang/crates.io-index"
checksum = "dfbc457d0c7a0759a614551b11a6409e5951f6c7537be1f1b7682b9ae9230368"
dependencies = [
 "proc-macro2",
]

[[package]]
name = "serde"
version = "1.0.228"
source = "registry+https://github.com/rust-lang/crates.io-index"
checksum = "9a8e94ea7f378bd32cbbd37198a4a91436180c5bb472411e48b5ec2e2124ae9e"
dependencies = [
 "serde_core",
 "serde_derive",
]

[[package]]
name = "serde_core"
version = "1.0.228"
source = "registry+https://github.com/rust-lang/crates.io-index"
checksum = "41d385c7d4ca58e59fc732af25c3983b67ac852c1a25000afe1175de458b67ad"
dependencies = [
 "serde_derive",
]

[[package]]
name = "serde_derive"
version = "1.0.228"
source = "registry+https://github.com/rust-lang/crates.io-index"
checksum = "d540f220d3187173da220f885ab66608367b6574e925011a9353e4badda91d79"
dependencies = [
 "proc-macro2",
 "quote",
 "syn",
]

[[package]]
name = "serde_repr"
version = "0.1.20"
source = "registry+https://github.com/rust-lang/crates.io-index"
checksum = "175ee3e80ae9982737ca543e96133087cbd9a485eecc3bc4de9c1a37b47ea59c"
dependencies = [
 "proc-macro2",
 "quote",
 "syn",
]

[[package]]
name = "strum"
version = "0.28.0"
source = "registry+https://github.com/rust-lang/crates.io-index"
checksum = "9628de9b8791db39ceda2b119bbe13134770b56c138ec1d3af810d045c04f9bd"
dependencies = [
 "strum_macros",
]

[[package]]
name = "strum_macros"
version = "0.28.0"
source = "registry+https://github.com/rust-lang/crates.io-index"
checksum = "ab85eea0270ee17587ed4156089e10b9e6880ee688791d45a905f5b1ca36f664"
dependencies = [
 "heck",
 "proc-macro2",
 "quote",
 "syn",
]

[[package]]
name = "syn"
version = "2.0.118"
source = "registry+https://github.com/rust-lang/crates.io-index"
checksum = "1b9ae57f904213ebb649ce6895b8a66c66f0203b9319718f69a5612a065b1422"
dependencies = [
 "proc-macro2",
 "quote",
 "unicode-ident",
]

[[package]]
name = "thiserror"
version = "2.0.18"
source = "registry+https://github.com/rust-lang/crates.io-index"
checksum = "4288b5bcbc7920c07a1149a35cf9590a2aa808e0bc1eafaade0b80947865fbc4"
dependencies = [
 "thiserror-impl",
]

[[package]]
name = "thiserror-impl"
version = "2.0.18"
source = "registry+https://github.com/rust-lang/crates.io-index"
checksum = "ebc4ee7f67670e9b64d05fa4253e753e016c6c95ff35b89b7941d6b856dec1d5"
dependencies = [
 "proc-macro2",
 "quote",
 "syn",
]

[[package]]
name = "unicode-ident"
version = "1.0.24"
source = "registry+https://github.com/rust-lang/crates.io-index"
checksum = "e6e4313cd5fcd3dad5cafa179702e2b244f760991f45397d14d4ebf38247da75"

[[package]]
name = "xtask"
version = "0.1.0"
dependencies = [
 "anyhow",
]
